// !$*UTF8*$!
{
	archiveVersion = 1;
	classes = {
	};
	objectVersion = 46;
	objects = {

/* Begin PBXBuildFile section */
		596120021B1EB18400A00ED3 /* main.m in Sources */ = {isa = PBXBuildFile; fileRef = 596120011B1EB18400A00ED3 /* main.m */; };
		596120051B1EB18400A00ED3 /* AppDelegate.m in Sources */ = {isa = PBXBuildFile; fileRef = 596120041B1EB18400A00ED3 /* AppDelegate.m */; };
		596120081B1EB18400A00ED3 /* ViewController.m in Sources */ = {isa = PBXBuildFile; fileRef = 596120071B1EB18400A00ED3 /* ViewController.m */; };
		5961200B1B1EB18400A00ED3 /* Main.storyboard in Resources */ = {isa = PBXBuildFile; fileRef = 596120091B1EB18400A00ED3 /* Main.storyboard */; };
		5961200D1B1EB18400A00ED3 /* Images.xcassets in Resources */ = {isa = PBXBuildFile; fileRef = 5961200C1B1EB18400A00ED3 /* Images.xcassets */; };
		596120101B1EB18400A00ED3 /* LaunchScreen.xib in Resources */ = {isa = PBXBuildFile; fileRef = 5961200E1B1EB18400A00ED3 /* LaunchScreen.xib */; };
		5961201C1B1EB18400A00ED3 /* StreetCrickTests.m in Sources */ = {isa = PBXBuildFile; fileRef = 5961201B1B1EB18400A00ED3 /* StreetCrickTests.m */; };
/* End PBXBuildFile section */

/* Begin PBXContainerItemProxy section */
		596120161B1EB18400A00ED3 /* PBXContainerItemProxy */ = {
			isa = PBXContainerItemProxy;
			containerPortal = 59611FF41B1EB18400A00ED3 /* Project object */;
			proxyType = 1;
			remoteGlobalIDString = 59611FFB1B1EB18400A00ED3;
			remoteInfo = StreetCrick;
		};
/* End PBXContainerItemProxy section */

/* Begin PBXFileReference section */
		59611FFC1B1EB18400A00ED3 /* StreetCrick.app */ = {isa = PBXFileReference; explicitFileType = wrapper.application; includeInIndex = 0; path = StreetCrick.app; sourceTree = BUILT_PRODUCTS_DIR; };
		596120001B1EB18400A00ED3 /* Info.plist */ = {isa = PBXFileReference; lastKnownFileType = text.plist.xml; path = Info.plist; sourceTree = "<group>"; };
		596120011B1EB18400A00ED3 /* main.m */ = {isa = PBXFileReference; lastKnownFileType = sourcecode.c.objc; path = main.m; sourceTree = "<group>"; };
		596120031B1EB18400A00ED3 /* AppDelegate.h */ = {isa = PBXFileReference; lastKnownFileType = sourcecode.c.h; path = AppDelegate.h; sourceTree = "<group>"; };
		596120041B1EB18400A00ED3 /* AppDelegate.m */ = {isa = PBXFileReference; lastKnownFileType = sourcecode.c.objc; path = AppDelegate.m; sourceTree = "<group>"; };
		596120061B1EB18400A00ED3 /* ViewController.h */ = {isa = PBXFileReference; lastKnownFileType = sourcecode.c.h; path = ViewController.h; sourceTree = "<group>"; };
		596120071B1EB18400A00ED3 /* ViewController.m */ = {isa = PBXFileReference; lastKnownFileType = sourcecode.c.objc; path = ViewController.m; sourceTree = "<group>"; };
		5961200A1B1EB18400A00ED3 /* Base */ = {isa = PBXFileReference; lastKnownFileType = file.storyboard; name = Base; path = Base.lproj/Main.storyboard; sourceTree = "<group>"; };
		5961200C1B1EB18400A00ED3 /* Images.xcassets */ = {isa = PBXFileReference; lastKnownFileType = folder.assetcatalog; path = Images.xcassets; sourceTree = "<group>"; };
		5961200F1B1EB18400A00ED3 /* Base */ = {isa = PBXFileReference; lastKnownFileType = file.xib; name = Base; path = Base.lproj/LaunchScreen.xib; sourceTree = "<group>"; };
		596120151B1EB18400A00ED3 /* StreetCrickTests.xctest */ = {isa = PBXFileReference; explicitFileType = wrapper.cfbundle; includeInIndex = 0; path = StreetCrickTests.xctest; sourceTree = BUILT_PRODUCTS_DIR; };
		5961201A1B1EB18400A00ED3 /* Info.plist */ = {isa = PBXFileReference; lastKnownFileType = text.plist.xml; path = Info.plist; sourceTree = "<group>"; };
		5961201B1B1EB18400A00ED3 /* StreetCrickTests.m */ = {isa = PBXFileReference; lastKnownFileType = sourcecode.c.objc; path = StreetCrickTests.m; sourceTree = "<group>"; };
/* End PBXFileReference section */

/* Begin PBXFrameworksBuildPhase section */
		59611FF91B1EB18400A00ED3 /* Frameworks */ = {
			isa = PBXFrameworksBuildPhase;
			buildActionMask = 2147483647;
			files = (
			);
			runOnlyForDeploymentPostprocessing = 0;
		};
		596120121B1EB18400A00ED3 /* Frameworks */ = {
			isa = PBXFrameworksBuildPhase;
			buildActionMask = 2147483647;
			files = (
			);
			runOnlyForDeploymentPostprocessing = 0;
		};
/* End PBXFrameworksBuildPhase section */

/* Begin PBXGroup section */
		59611FF31B1EB18400A00ED3 = {
			isa = PBXGroup;
			children = (
				59611FFE1B1EB18400A00ED3 /* StreetCrick */,
				596120181B1EB18400A00ED3 /* StreetCrickTests */,
				59611FFD1B1EB18400A00ED3 /* Products */,
			);
			sourceTree = "<group>";
		};
		59611FFD1B1EB18400A00ED3 /* Products */ = {
			isa = PBXGroup;
			children = (
				59611FFC1B1EB18400A00ED3 /* StreetCrick.app */,
				596120151B1EB18400A00ED3 /* StreetCrickTests.xctest */,
			);
			name = Products;
			sourceTree = "<group>";
		};
		59611FFE1B1EB18400A00ED3 /* StreetCrick */ = {
			isa = PBXGroup;
			children = (
				596120031B1EB18400A00ED3 /* AppDelegate.h */,
				596120041B1EB18400A00ED3 /* AppDelegate.m */,
				596120061B1EB18400A00ED3 /* ViewController.h */,
				596120071B1EB18400A00ED3 /* ViewController.m */,
				596120091B1EB18400A00ED3 /* Main.storyboard */,
				5961200C1B1EB18400A00ED3 /* Images.xcassets */,
				5961200E1B1EB18400A00ED3 /* LaunchScreen.xib */,
				59611FFF1B1EB18400A00ED3 /* Supporting Files */,
			);
			path = StreetCrick;
			sourceTree = "<group>";
		};
		59611FFF1B1EB18400A00ED3 /* Supporting Files */ = {
			isa = PBXGroup;
			children = (
				596120001B1EB18400A00ED3 /* Info.plist */,
				596120011B1EB18400A00ED3 /* main.m */,
			);
			name = "Supporting Files";
			sourceTree = "<group>";
		};
		596120181B1EB18400A00ED3 /* StreetCrickTests */ = {
			isa = PBXGroup;
			children = (
				5961201B1B1EB18400A00ED3 /* StreetCrickTests.m */,
				596120191B1EB18400A00ED3 /* Supporting Files */,
			);
			path = StreetCrickTests;
			sourceTree = "<group>";
		};
		596120191B1EB18400A00ED3 /* Supporting Files */ = {
			isa = PBXGroup;
			children = (
				5961201A1B1EB18400A00ED3 /* Info.plist */,
			);
			name = "Supporting Files";
			sourceTree = "<group>";
		};
/* End PBXGroup section */

/* Begin PBXNativeTarget section */
		59611FFB1B1EB18400A00ED3 /* StreetCrick */ = {
			isa = PBXNativeTarget;
			buildConfigurationList = 5961201F1B1EB18400A00ED3 /* Build configuration list for PBXNativeTarget "StreetCrick" */;
			buildPhases = (
				59611FF81B1EB18400A00ED3 /* Sources */,
				59611FF91B1EB18400A00ED3 /* Frameworks */,
				59611FFA1B1EB18400A00ED3 /* Resources */,
			);
			buildRules = (
			);
			dependencies = (
			);
			name = StreetCrick;
			productName = StreetCrick;
			productReference = 59611FFC1B1EB18400A00ED3 /* StreetCrick.app */;
			productType = "com.apple.product-type.application";
		};
		596120141B1EB18400A00ED3 /* StreetCrickTests */ = {
			isa = PBXNativeTarget;
			buildConfigurationList = 596120221B1EB18400A00ED3 /* Build configuration list for PBXNativeTarget "StreetCrickTests" */;
			buildPhases = (
				596120111B1EB18400A00ED3 /* Sources */,
				596120121B1EB18400A00ED3 /* Frameworks */,
				596120131B1EB18400A00ED3 /* Resources */,
			);
			buildRules = (
			);
			dependencies = (
				596120171B1EB18400A00ED3 /* PBXTargetDependency */,
			);
			name = StreetCrickTests;
			productName = StreetCrickTests;
			productReference = 596120151B1EB18400A00ED3 /* StreetCrickTests.xctest */;
			productType = "com.apple.product-type.bundle.unit-test";
		};
/* End PBXNativeTarget section */

/* Begin PBXProject section */
		59611FF41B1EB18400A00ED3 /* Project object */ = {
			isa = PBXProject;
			attributes = {
				LastUpgradeCheck = 0630;
				ORGANIZATIONNAME = "Nithin Reddy Gaddam";
				TargetAttributes = {
					59611FFB1B1EB18400A00ED3 = {
						CreatedOnToolsVersion = 6.3.2;
						DevelopmentTeam = 4Z8GLS9K7U;
					};
					596120141B1EB18400A00ED3 = {
						CreatedOnToolsVersion = 6.3.2;
						TestTargetID = 59611FFB1B1EB18400A00ED3;
					};
				};
			};
			buildConfigurationList = 59611FF71B1EB18400A00ED3 /* Build configuration list for PBXProject "StreetCrick" */;
			compatibilityVersion = "Xcode 3.2";
			developmentRegion = English;
			hasScannedForEncodings = 0;
			knownRegions = (
				en,
				Base,
			);
			mainGroup = 59611FF31B1EB18400A00ED3;
			productRefGroup = 59611FFD1B1EB18400A00ED3 /* Products */;
			projectDirPath = "";
			projectRoot = "";
			targets = (
				59611FFB1B1EB18400A00ED3 /* StreetCrick */,
				596120141B1EB18400A00ED3 /* StreetCrickTests */,
			);
		};
/* End PBXProject section */

/* Begin PBXResourcesBuildPhase section */
		59611FFA1B1EB18400A00ED3 /* Resources */ = {
			isa = PBXResourcesBuildPhase;
			buildActionMask = 2147483647;
			files = (
				5961200B1B1EB18400A00ED3 /* Main.storyboard in Resources */,
				596120101B1EB18400A00ED3 /* LaunchScreen.xib in Resources */,
				5961200D1B1EB18400A00ED3 /* Images.xcassets in Resources */,
			);
			runOnlyForDeploymentPostprocessing = 0;
		};
		596120131B1EB18400A00ED3 /* Resources */ = {
			isa = PBXResourcesBuildPhase;
			buildActionMask = 2147483647;
			files = (
			);
			runOnlyForDeploymentPostprocessing = 0;
		};
/* End PBXResourcesBuildPhase section */

/* Begin PBXSourcesBuildPhase section */
		59611FF81B1EB18400A00ED3 /* Sources */ = {
			isa = PBXSourcesBuildPhase;
			buildActionMask = 2147483647;
			files = (
				596120081B1EB18400A00ED3 /* ViewController.m in Sources */,
				596120051B1EB18400A00ED3 /* AppDelegate.m in Sources */,
				596120021B1EB18400A00ED3 /* main.m in Sources */,
			);
			runOnlyForDeploymentPostprocessing = 0;
		};
		596120111B1EB18400A00ED3 /* Sources */ = {
			isa = PBXSourcesBuildPhase;
			buildActionMask = 2147483647;
			files = (
				5961201C1B1EB18400A00ED3 /* StreetCrickTests.m in Sources */,
			);
			runOnlyForDeploymentPostprocessing = 0;
		};
/* End PBXSourcesBuildPhase section */

/* Begin PBXTargetDependency section */
		596120171B1EB18400A00ED3 /* PBXTargetDependency */ = {
			isa = PBXTargetDependency;
			target = 59611FFB1B1EB18400A00ED3 /* StreetCrick */;
			targetProxy = 596120161B1EB18400A00ED3 /* PBXContainerItemProxy */;
		};
/* End PBXTargetDependency section */

/* Begin PBXVariantGroup section */
		596120091B1EB18400A00ED3 /* Main.storyboard */ = {
			isa = PBXVariantGroup;
			children = (
				5961200A1B1EB18400A00ED3 /* Base */,
			);
			name = Main.storyboard;
			sourceTree = "<group>";
		};
		5961200E1B1EB18400A00ED3 /* LaunchScreen.xib */ = {
			isa = PBXVariantGroup;
			children = (
				5961200F1B1EB18400A00ED3 /* Base */,
			);
			name = LaunchScreen.xib;
			sourceTree = "<group>";
		};
/* End PBXVariantGroup section */

/* Begin XCBuildConfiguration section */
		5961201D1B1EB18400A00ED3 /* Debug */ = {
			isa = XCBuildConfiguration;
			buildSettings = {
				ALWAYS_SEARCH_USER_PATHS = NO;
				CLANG_CXX_LANGUAGE_STANDARD = "gnu++0x";
				CLANG_CXX_LIBRARY = "libc++";
				CLANG_ENABLE_MODULES = YES;
				CLANG_ENABLE_OBJC_ARC = YES;
				CLANG_WARN_BOOL_CONVERSION = YES;
				CLANG_WARN_CONSTANT_CONVERSION = YES;
				CLANG_WARN_DIRECT_OBJC_ISA_USAGE = YES_ERROR;
				CLANG_WARN_EMPTY_BODY = YES;
				CLANG_WARN_ENUM_CONVERSION = YES;
				CLANG_WARN_INT_CONVERSION = YES;
				CLANG_WARN_OBJC_ROOT_CLASS = YES_ERROR;
				CLANG_WARN_UNREACHABLE_CODE = YES;
				CLANG_WARN__DUPLICATE_METHOD_MATCH = YES;
				"CODE_SIGN_IDENTITY[sdk=iphoneos*]" = "iPhone Developer";
				COPY_PHASE_STRIP = NO;
				DEBUG_INFORMATION_FORMAT = "dwarf-with-dsym";
				ENABLE_STRICT_OBJC_MSGSEND = YES;
				GCC_C_LANGUAGE_STANDARD = gnu99;
				GCC_DYNAMIC_NO_PIC = NO;
				GCC_NO_COMMON_BLOCKS = YES;
				GCC_OPTIMIZATION_LEVEL = 0;
				GCC_PREPROCESSOR_DEFINITIONS = (
					"DEBUG=1",
					"$(inherited)",
				);
				GCC_SYMBOLS_PRIVATE_EXTERN = NO;
				GCC_WARN_64_TO_32_BIT_CONVERSION = YES;
				GCC_WARN_ABOUT_RETURN_TYPE = YES_ERROR;
				GCC_WARN_UNDECLARED_SELECTOR = YES;
				GCC_WARN_UNINITIALIZED_AUTOS = YES_AGGRESSIVE;
				GCC_WARN_UNUSED_FUNCTION = YES;
				GCC_WARN_UNUSED_VARIABLE = YES;
				IPHONEOS_DEPLOYMENT_TARGET = 8.3;
				MTL_ENABLE_DEBUG_INFO = YES;
				ONLY_ACTIVE_ARCH = YES;
				SDKROOT = iphoneos;
			};
			name = Debug;
		};
		5961201E1B1EB18400A00ED3 /* Release */ = {
			isa = XCBuildConfiguration;
			buildSettings = {
				ALWAYS_SEARCH_USER_PATHS = NO;
				CLANG_CXX_LANGUAGE_STANDARD = "gnu++0x";
				CLANG_CXX_LIBRARY = "libc++";
				CLANG_ENABLE_MODULES = YES;
				CLANG_ENABLE_OBJC_ARC = YES;
				CLANG_WARN_BOOL_CONVERSION = YES;
				CLANG_WARN_CONSTANT_CONVERSION = YES;
				CLANG_WARN_DIRECT_OBJC_ISA_USAGE = YES_ERROR;
				CLANG_WARN_EMPTY_BODY = YES;
				CLANG_WARN_ENUM_CONVERSION = YES;
				CLANG_WARN_INT_CONVERSION = YES;
				CLANG_WARN_OBJC_ROOT_CLASS = YES_ERROR;
				CLANG_WARN_UNREACHABLE_CODE = YES;
				CLANG_WARN__DUPLICATE_METHOD_MATCH = YES;
				"CODE_SIGN_IDENTITY[sdk=iphoneos*]" = "iPhone Developer";
				COPY_PHASE_STRIP = NO;
				DEBUG_INFORMATION_FORMAT = "dwarf-with-dsym";
				ENABLE_NS_ASSERTIONS = NO;
				ENABLE_STRICT_OBJC_MSGSEND = YES;
				GCC_C_LANGUAGE_STANDARD = gnu99;
				GCC_NO_COMMON_BLOCKS = YES;
				GCC_WARN_64_TO_32_BIT_CONVERSION = YES;
				GCC_WARN_ABOUT_RETURN_TYPE = YES_ERROR;
				GCC_WARN_UNDECLARED_SELECTOR = YES;
				GCC_WARN_UNINITIALIZED_AUTOS = YES_AGGRESSIVE;
				GCC_WARN_UNUSED_FUNCTION = YES;
				GCC_WARN_UNUSED_VARIABLE = YES;
				IPHONEOS_DEPLOYMENT_TARGET = 8.3;
				MTL_ENABLE_DEBUG_INFO = NO;
				SDKROOT = iphoneos;
				VALIDATE_PRODUCT = YES;
			};
			name = Release;
		};
		596120201B1EB18400A00ED3 /* Debug */ = {
			isa = XCBuildConfiguration;
			buildSettings = {
				ASSETCATALOG_COMPILER_APPICON_NAME = AppIcon;
				CODE_SIGN_IDENTITY = "iPhone Developer";
				"CODE_SIGN_IDENTITY[sdk=iphoneos*]" = "iPhone Developer";
				INFOPLIST_FILE = StreetCrick/Info.plist;
				IPHONEOS_DEPLOYMENT_TARGET = 8.3;
				LD_RUNPATH_SEARCH_PATHS = "$(inherited) @executable_path/Frameworks";
				PRODUCT_NAME = "$(TARGET_NAME)";
				PROVISIONING_PROFILE = "";
				TARGETED_DEVICE_FAMILY = 1;
			};
			name = Debug;
		};
		596120211B1EB18400A00ED3 /* Release */ = {
			isa = XCBuildConfiguration;
			buildSettings = {
				ASSETCATALOG_COMPILER_APPICON_NAME = AppIcon;
				CODE_SIGN_IDENTITY = "iPhone Developer";
				"CODE_SIGN_IDENTITY[sdk=iphoneos*]" = "iPhone Developer";
				INFOPLIST_FILE = StreetCrick/Info.plist;
				IPHONEOS_DEPLOYMENT_TARGET = 8.3;
				LD_RUNPATH_SEARCH_PATHS = "$(inherited) @executable_path/Frameworks";
				PRODUCT_NAME = "$(TARGET_NAME)";
				PROVISIONING_PROFILE = "";
				TARGETED_DEVICE_FAMILY = 1;
			};
			name = Release;
		};
		596120231B1EB18400A00ED3 /* Debug */ = {
			isa = XCBuildConfiguration;
			buildSettings = {
				BUNDLE_LOADER = "$(TEST_HOST)";
				FRAMEWORK_SEARCH_PATHS = (
					"$(SDKROOT)/Developer/Library/Frameworks",
					"$(inherited)",
				);
				GCC_PREPROCESSOR_DEFINITIONS = (
					"DEBUG=1",
					"$(inherited)",
				);
				INFOPLIST_FILE = StreetCrickTests/Info.plist;
				LD_RUNPATH_SEARCH_PATHS = "$(inherited) @executable_path/Frameworks @loader_path/Frameworks";
				PRODUCT_NAME = "$(TARGET_NAME)";
				TEST_HOST = "$(BUILT_PRODUCTS_DIR)/StreetCrick.app/StreetCrick";
			};
			name = Debug;
		};
		596120241B1EB18400A00ED3 /* Release */ = {
			isa = XCBuildConfiguration;
			buildSettings = {
				BUNDLE_LOADER = "$(TEST_HOST)";
				FRAMEWORK_SEARCH_PATHS = (
					"$(SDKROOT)/Developer/Library/Frameworks",
					"$(inherited)",
				);
				INFOPLIST_FILE = StreetCrickTests/Info.plist;
				LD_RUNPATH_SEARCH_PATHS = "$(inherited) @executable_path/Frameworks @loader_path/Frameworks";
				PRODUCT_NAME = "$(TARGET_NAME)";
				TEST_HOST = "$(BUILT_PRODUCTS_DIR)/StreetCrick.app/StreetCrick";
			};
			name = Release;
		};
/* End XCBuildConfiguration section */

/* Begin XCConfigurationList section */
		59611FF71B1EB18400A00ED3 /* Build configuration list for PBXProject "StreetCrick" */ = {
			isa = XCConfigurationList;
			buildConfigurations = (
				5961201D1B1EB18400A00ED3 /* Debug */,
				5961201E1B1EB18400A00ED3 /* Release */,
			);
			defaultConfigurationIsVisible = 0;
			defaultConfigurationName = Release;
		};
		5961201F1B1EB18400A00ED3 /* Build configuration list for PBXNativeTarget "StreetCrick" */ = {
			isa = XCConfigurationList;
			buildConfigurations = (
				596120201B1EB18400A00ED3 /* Debug */,
				596120211B1EB18400A00ED3 /* Release */,
			);
			defaultConfigurationIsVisible = 0;
			defaultConfigurationName = Release;
		};
		596120221B1EB18400A00ED3 /* Build configuration list for PBXNativeTarget "StreetCrickTests" */ = {
			isa = XCConfigurationList;
			buildConfigurations = (
				596120231B1EB18400A00ED3 /* Debug */,
				596120241B1EB18400A00ED3 /* Release */,
			);
			defaultConfigurationIsVisible = 0;
			defaultConfigurationName = Release;
		};
/* End XCConfigurationList section */
	};
	rootObject = 59611FF41B1EB18400A00ED3 /* Project object */;
}
